
Microsoft Visual Studio Solution File, Format Version 12.00
# Visual Studio Version 17
VisualStudioVersion = 17.11.35219.272
MinimumVisualStudioVersion = 10.0.40219.1
Project("{FAE04EC0-301F-11D3-BF4B-00C04F79EFBC}") = "DEPI_Propject_Company_System", "DEPI_Propject_Company_System\DEPI_Propject_Company_System.csproj", "{6C6110DB-52F9-4A36-855A-43EAEBCB6F53}"
EndProject
Global
	GlobalSection(SolutionConfigurationPlatforms) = preSolution
		Debug|Any CPU = Debug|Any CPU
		Release|Any CPU = Release|Any CPU
	EndGlobalSection
	GlobalSection(ProjectConfigurationPlatforms) = postSolution
		{6C6110DB-52F9-4A36-855A-43EAEBCB6F53}.Debug|Any CPU.ActiveCfg = Debug|Any CPU
		{6C6110DB-52F9-4A36-855A-43EAEBCB6F53}.Debug|Any CPU.Build.0 = Debug|Any CPU
		{6C6110DB-52F9-4A36-855A-43EAEBCB6F53}.Release|Any CPU.ActiveCfg = Release|Any CPU
		{6C6110DB-52F9-4A36-855A-43EAEBCB6F53}.Release|Any CPU.Build.0 = Release|Any CPU
	EndGlobalSection
	GlobalSection(SolutionProperties) = preSolution
		HideSolutionNode = FALSE
	EndGlobalSection
	GlobalSection(ExtensibilityGlobals) = postSolution
		SolutionGuid = {651871EC-17F1-4B2D-8D33-424C40671393}
	EndGlobalSection
EndGlobal
